
Microsoft Visual Studio Solution File, Format Version 12.00
# Visual Studio Version 17
VisualStudioVersion = 17.0.31903.59
MinimumVisualStudioVersion = 10.0.40219.1
Project("{FAE04EC0-301F-11D3-BF4B-00C04F79EFBC}") = "Api", "Api\Api.csproj", "{707DE9BD-547E-49A3-B869-EEAA52E52DFF}"
EndProject
Project("{FAE04EC0-301F-11D3-BF4B-00C04F79EFBC}") = "Application", "Application\Application.csproj", "{3C50B264-BE1D-4568-9341-EC543E20E2AF}"
EndProject
Project("{FAE04EC0-301F-11D3-BF4B-00C04F79EFBC}") = "Domain", "Domain\Domain.csproj", "{A3F62EF7-ADBC-44C2-A957-D2968647E9D7}"
EndProject
Project("{FAE04EC0-301F-11D3-BF4B-00C04F79EFBC}") = "Infrastructure", "Infrastructure\Infrastructure.csproj", "{DC36FDFA-9AC1-4D53-ADA8-DB3710B693E4}"
EndProject
Project("{FAE04EC0-301F-11D3-BF4B-00C04F79EFBC}") = "Test", "Test\Test.csproj", "{98B6E242-7E8C-4F2B-A008-17EBC9989CB4}"
EndProject
Global
	GlobalSection(SolutionConfigurationPlatforms) = preSolution
		Debug|Any CPU = Debug|Any CPU
		Release|Any CPU = Release|Any CPU
	EndGlobalSection
	GlobalSection(SolutionProperties) = preSolution
		HideSolutionNode = FALSE
	EndGlobalSection
	GlobalSection(ProjectConfigurationPlatforms) = postSolution
		{707DE9BD-547E-49A3-B869-EEAA52E52DFF}.Debug|Any CPU.ActiveCfg = Debug|Any CPU
		{707DE9BD-547E-49A3-B869-EEAA52E52DFF}.Debug|Any CPU.Build.0 = Debug|Any CPU
		{707DE9BD-547E-49A3-B869-EEAA52E52DFF}.Release|Any CPU.ActiveCfg = Release|Any CPU
		{707DE9BD-547E-49A3-B869-EEAA52E52DFF}.Release|Any CPU.Build.0 = Release|Any CPU
		{3C50B264-BE1D-4568-9341-EC543E20E2AF}.Debug|Any CPU.ActiveCfg = Debug|Any CPU
		{3C50B264-BE1D-4568-9341-EC543E20E2AF}.Debug|Any CPU.Build.0 = Debug|Any CPU
		{3C50B264-BE1D-4568-9341-EC543E20E2AF}.Release|Any CPU.ActiveCfg = Release|Any CPU
		{3C50B264-BE1D-4568-9341-EC543E20E2AF}.Release|Any CPU.Build.0 = Release|Any CPU
		{A3F62EF7-ADBC-44C2-A957-D2968647E9D7}.Debug|Any CPU.ActiveCfg = Debug|Any CPU
		{A3F62EF7-ADBC-44C2-A957-D2968647E9D7}.Debug|Any CPU.Build.0 = Debug|Any CPU
		{A3F62EF7-ADBC-44C2-A957-D2968647E9D7}.Release|Any CPU.ActiveCfg = Release|Any CPU
		{A3F62EF7-ADBC-44C2-A957-D2968647E9D7}.Release|Any CPU.Build.0 = Release|Any CPU
		{DC36FDFA-9AC1-4D53-ADA8-DB3710B693E4}.Debug|Any CPU.ActiveCfg = Debug|Any CPU
		{DC36FDFA-9AC1-4D53-ADA8-DB3710B693E4}.Debug|Any CPU.Build.0 = Debug|Any CPU
		{DC36FDFA-9AC1-4D53-ADA8-DB3710B693E4}.Release|Any CPU.ActiveCfg = Release|Any CPU
		{DC36FDFA-9AC1-4D53-ADA8-DB3710B693E4}.Release|Any CPU.Build.0 = Release|Any CPU
		{98B6E242-7E8C-4F2B-A008-17EBC9989CB4}.Debug|Any CPU.ActiveCfg = Debug|Any CPU
		{98B6E242-7E8C-4F2B-A008-17EBC9989CB4}.Debug|Any CPU.Build.0 = Debug|Any CPU
		{98B6E242-7E8C-4F2B-A008-17EBC9989CB4}.Release|Any CPU.ActiveCfg = Release|Any CPU
		{98B6E242-7E8C-4F2B-A008-17EBC9989CB4}.Release|Any CPU.Build.0 = Release|Any CPU
	EndGlobalSection
EndGlobal
